{
  "name": "Ecommerce",
  "lockfileVersion": 3,
  "requires": true,
  "packages": {
    "": {
      "dependencies": {
        "@fontsource/poppins": "^5.0.12"
      }
    },
    "node_modules/@fontsource/poppins": {
      "version": "5.0.12",
      "resolved": "https://registry.npmjs.org/@fontsource/poppins/-/poppins-5.0.12.tgz",
      "integrity": "sha512-0qzBxtIJLh82iMJ9pCXKYwGs1zyS+jyUmwVJ59+JdYnEaFVkDsxVOk9yDWfVOs14ALUneodU2m5YSGma6dCYCw=="
    }
  }
}
